// !$*UTF8*$!
{
	archiveVersion = 1;
	classes = {
	};
	objectVersion = 56;
	objects = {

/* Begin PBXBuildFile section */
		F00C634E2B1F40E60032363B /* SetVC.swift in Sources */ = {isa = PBXBuildFile; fileRef = F00C634D2B1F40E60032363B /* SetVC.swift */; };
		F00E3E522B710CF6009B6E10 /* MementoVC.swift in Sources */ = {isa = PBXBuildFile; fileRef = F00E3E512B710CF6009B6E10 /* MementoVC.swift */; };
		F00E3E552B71F795009B6E10 /* HigherOrderFunctionVC.swift in Sources */ = {isa = PBXBuildFile; fileRef = F00E3E542B71F795009B6E10 /* HigherOrderFunctionVC.swift */; };
		F00E3E582B720A42009B6E10 /* SortVC.swift in Sources */ = {isa = PBXBuildFile; fileRef = F00E3E572B720A42009B6E10 /* SortVC.swift */; };
		F01515182B612717005838B2 /* ARCViewController.swift in Sources */ = {isa = PBXBuildFile; fileRef = F01515172B612717005838B2 /* ARCViewController.swift */; };
		F0283B912B1DD3D9003AA403 /* IdentityOperatorVC.swift in Sources */ = {isa = PBXBuildFile; fileRef = F0283B902B1DD3D9003AA403 /* IdentityOperatorVC.swift */; };
		F0283B932B1DD527003AA403 /* RangeOperatorViewController.swift in Sources */ = {isa = PBXBuildFile; fileRef = F0283B922B1DD527003AA403 /* RangeOperatorViewController.swift */; };
		F0283B952B1DDCA4003AA403 /* StringVC.swift in Sources */ = {isa = PBXBuildFile; fileRef = F0283B942B1DDCA4003AA403 /* StringVC.swift */; };
		F0283B972B1F32E4003AA403 /* ArrayVC.swift in Sources */ = {isa = PBXBuildFile; fileRef = F0283B962B1F32E4003AA403 /* ArrayVC.swift */; };
		F03295182B467A77005D3C2E /* ErrorHandlingVC.swift in Sources */ = {isa = PBXBuildFile; fileRef = F03295172B467A77005D3C2E /* ErrorHandlingVC.swift */; };
		F032951A2B46BB26005D3C2E /* ConcurrentVC.swift in Sources */ = {isa = PBXBuildFile; fileRef = F03295192B46BB26005D3C2E /* ConcurrentVC.swift */; };
		F032951C2B47CB3E005D3C2E /* TaskGroupVC.swift in Sources */ = {isa = PBXBuildFile; fileRef = F032951B2B47CB3E005D3C2E /* TaskGroupVC.swift */; };
		F0546DE92B21C30B0028D662 /* DictionaryVC.swift in Sources */ = {isa = PBXBuildFile; fileRef = F0546DE82B21C30B0028D662 /* DictionaryVC.swift */; };
		F0546DEB2B21DA800028D662 /* ControlFlowVC.swift in Sources */ = {isa = PBXBuildFile; fileRef = F0546DEA2B21DA800028D662 /* ControlFlowVC.swift */; };
		F0546DED2B232A2B0028D662 /* FunctionVC.swift in Sources */ = {isa = PBXBuildFile; fileRef = F0546DEC2B232A2B0028D662 /* FunctionVC.swift */; };
		F0546DEF2B258EBC0028D662 /* SingletonViewController.swift in Sources */ = {isa = PBXBuildFile; fileRef = F0546DEE2B258EBC0028D662 /* SingletonViewController.swift */; };
		F0546DF12B25A80F0028D662 /* DeinitalizeViewController.swift in Sources */ = {isa = PBXBuildFile; fileRef = F0546DF02B25A80F0028D662 /* DeinitalizeViewController.swift */; };
		F0546DF32B25AB170028D662 /* EscapingViewController.swift in Sources */ = {isa = PBXBuildFile; fileRef = F0546DF22B25AB170028D662 /* EscapingViewController.swift */; };
		F0546DF52B25AFB10028D662 /* PropertyViewController.swift in Sources */ = {isa = PBXBuildFile; fileRef = F0546DF42B25AFB10028D662 /* PropertyViewController.swift */; };
		F0546DF72B261E740028D662 /* ClosureViewController.swift in Sources */ = {isa = PBXBuildFile; fileRef = F0546DF62B261E740028D662 /* ClosureViewController.swift */; };
		F0546DF92B262CA50028D662 /* ProtocolViewController.swift in Sources */ = {isa = PBXBuildFile; fileRef = F0546DF82B262CA50028D662 /* ProtocolViewController.swift */; };
		F0546DFB2B26C6790028D662 /* HighOrderFunctionVC.swift in Sources */ = {isa = PBXBuildFile; fileRef = F0546DFA2B26C6790028D662 /* HighOrderFunctionVC.swift */; };
		F0546DFD2B26D0320028D662 /* GenericViewController.swift in Sources */ = {isa = PBXBuildFile; fileRef = F0546DFC2B26D0320028D662 /* GenericViewController.swift */; };
		F068FBE92B272292004A71D5 /* InitalizatierVC.swift in Sources */ = {isa = PBXBuildFile; fileRef = F068FBE82B272292004A71D5 /* InitalizatierVC.swift */; };
		F068FBEB2B27711C004A71D5 /* NilViewController.swift in Sources */ = {isa = PBXBuildFile; fileRef = F068FBEA2B27711C004A71D5 /* NilViewController.swift */; };
		F06A381B2B5A94C500C321BB /* GenericWithReturnValueVC.swift in Sources */ = {isa = PBXBuildFile; fileRef = F06A381A2B5A94C500C321BB /* GenericWithReturnValueVC.swift */; };
		F06A381D2B5A956700C321BB /* GenericTypeVC.swift in Sources */ = {isa = PBXBuildFile; fileRef = F06A381C2B5A956700C321BB /* GenericTypeVC.swift */; };
		F06A381F2B5A967C00C321BB /* ExtensionGenericVC.swift in Sources */ = {isa = PBXBuildFile; fileRef = F06A381E2B5A967C00C321BB /* ExtensionGenericVC.swift */; };
		F06A38212B5A993E00C321BB /* GenericTypeConstraintVC.swift in Sources */ = {isa = PBXBuildFile; fileRef = F06A38202B5A993E00C321BB /* GenericTypeConstraintVC.swift */; };
		F0727E6B2B2AF4EC006606C7 /* EnumViewController.swift in Sources */ = {isa = PBXBuildFile; fileRef = F0727E6A2B2AF4EC006606C7 /* EnumViewController.swift */; };
		F0727E6D2B2B02F8006606C7 /* ImplicitExplicitVC.swift in Sources */ = {isa = PBXBuildFile; fileRef = F0727E6C2B2B02F8006606C7 /* ImplicitExplicitVC.swift */; };
		F072FABA2B6A68C9003AF4A3 /* AdapterVC.swift in Sources */ = {isa = PBXBuildFile; fileRef = F072FAB92B6A68C9003AF4A3 /* AdapterVC.swift */; };
		F072FABC2B6A68D9003AF4A3 /* BridgeVC.swift in Sources */ = {isa = PBXBuildFile; fileRef = F072FABB2B6A68D9003AF4A3 /* BridgeVC.swift */; };
		F072FABE2B6A68EC003AF4A3 /* CompositeVC.swift in Sources */ = {isa = PBXBuildFile; fileRef = F072FABD2B6A68EC003AF4A3 /* CompositeVC.swift */; };
		F072FAC02B6A68FC003AF4A3 /* DecoratorVC.swift in Sources */ = {isa = PBXBuildFile; fileRef = F072FABF2B6A68FC003AF4A3 /* DecoratorVC.swift */; };
		F072FAC22B6A690B003AF4A3 /* FacadeVC.swift in Sources */ = {isa = PBXBuildFile; fileRef = F072FAC12B6A690B003AF4A3 /* FacadeVC.swift */; };
		F072FAC42B6A691C003AF4A3 /* FlyweightVC.swift in Sources */ = {isa = PBXBuildFile; fileRef = F072FAC32B6A691C003AF4A3 /* FlyweightVC.swift */; };
		F072FAC62B6A692C003AF4A3 /* ProxyVC.swift in Sources */ = {isa = PBXBuildFile; fileRef = F072FAC52B6A692C003AF4A3 /* ProxyVC.swift */; };
		F072FAC82B6CBAEE003AF4A3 /* ChainOfResponsibilityVC.swift in Sources */ = {isa = PBXBuildFile; fileRef = F072FAC72B6CBAEE003AF4A3 /* ChainOfResponsibilityVC.swift */; };
		F072FACA2B6CBB13003AF4A3 /* CommandVC.swift in Sources */ = {isa = PBXBuildFile; fileRef = F072FAC92B6CBB13003AF4A3 /* CommandVC.swift */; };
		F072FACC2B6CBB27003AF4A3 /* IteratorVC.swift in Sources */ = {isa = PBXBuildFile; fileRef = F072FACB2B6CBB27003AF4A3 /* IteratorVC.swift */; };
		F072FACE2B6CBB39003AF4A3 /* MediatorVC.swift in Sources */ = {isa = PBXBuildFile; fileRef = F072FACD2B6CBB39003AF4A3 /* MediatorVC.swift */; };
		F072FAD22B6CBB59003AF4A3 /* ObserverVC.swift in Sources */ = {isa = PBXBuildFile; fileRef = F072FAD12B6CBB59003AF4A3 /* ObserverVC.swift */; };
		F072FAD42B6CBB68003AF4A3 /* StateVC.swift in Sources */ = {isa = PBXBuildFile; fileRef = F072FAD32B6CBB68003AF4A3 /* StateVC.swift */; };
		F072FAD62B6CBB78003AF4A3 /* StrategyVC.swift in Sources */ = {isa = PBXBuildFile; fileRef = F072FAD52B6CBB78003AF4A3 /* StrategyVC.swift */; };
		F072FAD82B6CBB88003AF4A3 /* TemplateVC.swift in Sources */ = {isa = PBXBuildFile; fileRef = F072FAD72B6CBB88003AF4A3 /* TemplateVC.swift */; };
		F072FADA2B6CBB98003AF4A3 /* VisitorVC.swift in Sources */ = {isa = PBXBuildFile; fileRef = F072FAD92B6CBB98003AF4A3 /* VisitorVC.swift */; };
		F073C0FA2B4BC44E00542EBE /* ActorVC.swift in Sources */ = {isa = PBXBuildFile; fileRef = F073C0F92B4BC44E00542EBE /* ActorVC.swift */; };
		F073C0FC2B4D060100542EBE /* MacroVC.swift in Sources */ = {isa = PBXBuildFile; fileRef = F073C0FB2B4D060100542EBE /* MacroVC.swift */; };
		F08D03B12B3062630030422D /* ClassStructViewController.swift in Sources */ = {isa = PBXBuildFile; fileRef = F08D03B02B3062630030422D /* ClassStructViewController.swift */; };
		F08D03B32B30AF320030422D /* CallbyValueReferenceViewController.swift in Sources */ = {isa = PBXBuildFile; fileRef = F08D03B22B30AF320030422D /* CallbyValueReferenceViewController.swift */; };
		F0B0E4A52B5640160071400B /* NestedTypesVC.swift in Sources */ = {isa = PBXBuildFile; fileRef = F0B0E4A42B5640160071400B /* NestedTypesVC.swift */; };
		F0B0E4A72B5649450071400B /* ExtensionViewController.swift in Sources */ = {isa = PBXBuildFile; fileRef = F0B0E4A62B5649450071400B /* ExtensionViewController.swift */; };
		F0B0E4A92B5793720071400B /* ConvenienceInitializerVC.swift in Sources */ = {isa = PBXBuildFile; fileRef = F0B0E4A82B5793720071400B /* ConvenienceInitializerVC.swift */; };
		F0B0E4AB2B579B680071400B /* OpaqueTypeVC.swift in Sources */ = {isa = PBXBuildFile; fileRef = F0B0E4AA2B579B680071400B /* OpaqueTypeVC.swift */; };
		F0B0E4AD2B57A5710071400B /* DelegateVC.swift in Sources */ = {isa = PBXBuildFile; fileRef = F0B0E4AC2B57A5710071400B /* DelegateVC.swift */; };
		F0B0E4AF2B57B1190071400B /* ProtocolExtensinVC.swift in Sources */ = {isa = PBXBuildFile; fileRef = F0B0E4AE2B57B1190071400B /* ProtocolExtensinVC.swift */; };
		F0B0E4B22B57F6D70071400B /* SynthesizedProtocol.swift in Sources */ = {isa = PBXBuildFile; fileRef = F0B0E4B12B57F6D70071400B /* SynthesizedProtocol.swift */; };
		F0B0E4B42B58EE5A0071400B /* ProtocolCollectionVC.swift in Sources */ = {isa = PBXBuildFile; fileRef = F0B0E4B32B58EE5A0071400B /* ProtocolCollectionVC.swift */; };
		F0B0E4B62B58F20B0071400B /* ProtocolInheritanceVC.swift in Sources */ = {isa = PBXBuildFile; fileRef = F0B0E4B52B58F20B0071400B /* ProtocolInheritanceVC.swift */; };
		F0B0E4B82B58F8380071400B /* ClassOnlyProtocolVC.swift in Sources */ = {isa = PBXBuildFile; fileRef = F0B0E4B72B58F8380071400B /* ClassOnlyProtocolVC.swift */; };
		F0B0E4BA2B58FA150071400B /* CompositionProtocolVC.swift in Sources */ = {isa = PBXBuildFile; fileRef = F0B0E4B92B58FA150071400B /* CompositionProtocolVC.swift */; };
		F0B0E4BC2B59049C0071400B /* ConformanceProtocolVC.swift in Sources */ = {isa = PBXBuildFile; fileRef = F0B0E4BB2B59049B0071400B /* ConformanceProtocolVC.swift */; };
		F0B0E4BE2B590B9F0071400B /* OptionalProtocolVC.swift in Sources */ = {isa = PBXBuildFile; fileRef = F0B0E4BD2B590B9F0071400B /* OptionalProtocolVC.swift */; };
		F0B0E4C02B5915F50071400B /* ProtocolExtensionVC.swift in Sources */ = {isa = PBXBuildFile; fileRef = F0B0E4BF2B5915F50071400B /* ProtocolExtensionVC.swift */; };
		F0B0E4C22B59355E0071400B /* TypeCastingVC.swift in Sources */ = {isa = PBXBuildFile; fileRef = F0B0E4C12B59355E0071400B /* TypeCastingVC.swift */; };
		F0B616A32B725728005BD182 /* CodeableVC.swift in Sources */ = {isa = PBXBuildFile; fileRef = F0B616A22B725728005BD182 /* CodeableVC.swift */; };
		F0BFD26E2B4549DF00BF7DC6 /* OptionalChainingVC.swift in Sources */ = {isa = PBXBuildFile; fileRef = F0BFD26D2B4549DF00BF7DC6 /* OptionalChainingVC.swift */; };
		F0C1A69D2B678DA4007E8A43 /* ARCClosureVC.swift in Sources */ = {isa = PBXBuildFile; fileRef = F0C1A69C2B678DA4007E8A43 /* ARCClosureVC.swift */; };
		F0C1A69F2B67D1C4007E8A43 /* MemorySafetyVC.swift in Sources */ = {isa = PBXBuildFile; fileRef = F0C1A69E2B67D1C4007E8A43 /* MemorySafetyVC.swift */; };
		F0C1A6A12B6911BB007E8A43 /* AccessLevelVC.swift in Sources */ = {isa = PBXBuildFile; fileRef = F0C1A6A02B6911BB007E8A43 /* AccessLevelVC.swift */; };
		F0C1A6A72B695CF1007E8A43 /* FactoryMethodVC.swift in Sources */ = {isa = PBXBuildFile; fileRef = F0C1A6A62B695CF1007E8A43 /* FactoryMethodVC.swift */; };
		F0C1A6A92B6961DA007E8A43 /* AbstractFactoryVC.swift in Sources */ = {isa = PBXBuildFile; fileRef = F0C1A6A82B6961DA007E8A43 /* AbstractFactoryVC.swift */; };
		F0C1A6AB2B6966A5007E8A43 /* BuilderVC.swift in Sources */ = {isa = PBXBuildFile; fileRef = F0C1A6AA2B6966A5007E8A43 /* BuilderVC.swift */; };
		F0C1A6AD2B696BDF007E8A43 /* PrototypeVC.swift in Sources */ = {isa = PBXBuildFile; fileRef = F0C1A6AC2B696BDF007E8A43 /* PrototypeVC.swift */; };
		F0DB789F2B1739DA008FB987 /* AppDelegate.swift in Sources */ = {isa = PBXBuildFile; fileRef = F0DB789E2B1739DA008FB987 /* AppDelegate.swift */; };
		F0DB78A12B1739DA008FB987 /* SceneDelegate.swift in Sources */ = {isa = PBXBuildFile; fileRef = F0DB78A02B1739DA008FB987 /* SceneDelegate.swift */; };
		F0DB78A32B1739DA008FB987 /* ViewController.swift in Sources */ = {isa = PBXBuildFile; fileRef = F0DB78A22B1739DA008FB987 /* ViewController.swift */; };
		F0DB78A62B1739DA008FB987 /* Main.storyboard in Resources */ = {isa = PBXBuildFile; fileRef = F0DB78A42B1739DA008FB987 /* Main.storyboard */; };
		F0DB78A82B1739DC008FB987 /* Assets.xcassets in Resources */ = {isa = PBXBuildFile; fileRef = F0DB78A72B1739DC008FB987 /* Assets.xcassets */; };
		F0DB78AB2B1739DC008FB987 /* LaunchScreen.storyboard in Resources */ = {isa = PBXBuildFile; fileRef = F0DB78A92B1739DC008FB987 /* LaunchScreen.storyboard */; };
		F0DCBB822B395A0B003BF2E9 /* MethodViewController.swift in Sources */ = {isa = PBXBuildFile; fileRef = F0DCBB812B395A0B003BF2E9 /* MethodViewController.swift */; };
		F0DCBB862B399ECD003BF2E9 /* UnqualifiedVC.swift in Sources */ = {isa = PBXBuildFile; fileRef = F0DCBB852B399ECD003BF2E9 /* UnqualifiedVC.swift */; };
		F0DCBB882B3AA1B2003BF2E9 /* SubscriptVC.swift in Sources */ = {isa = PBXBuildFile; fileRef = F0DCBB872B3AA1B2003BF2E9 /* SubscriptVC.swift */; };
		F0DCBB8A2B3ACF7E003BF2E9 /* OverLoadingRidingVC.swift in Sources */ = {isa = PBXBuildFile; fileRef = F0DCBB892B3ACF7E003BF2E9 /* OverLoadingRidingVC.swift */; };
		F0DCBB8C2B3AE25B003BF2E9 /* InheritanceVC.swift in Sources */ = {isa = PBXBuildFile; fileRef = F0DCBB8B2B3AE25B003BF2E9 /* InheritanceVC.swift */; };
		F0FF49142B5E331F003BA40D /* AssociatedTypeVC.swift in Sources */ = {isa = PBXBuildFile; fileRef = F0FF49132B5E331F003BA40D /* AssociatedTypeVC.swift */; };
		F0FF49162B5E5E25003BA40D /* GenericWhereClauseVC.swift in Sources */ = {isa = PBXBuildFile; fileRef = F0FF49152B5E5E25003BA40D /* GenericWhereClauseVC.swift */; };
		F0FFDFAA2B19D9E4004F0950 /* ConstantVariableVC.swift in Sources */ = {isa = PBXBuildFile; fileRef = F0FFDFA92B19D9E4004F0950 /* ConstantVariableVC.swift */; };
		F0FFDFAC2B19E405004F0950 /* TupleVC.swift in Sources */ = {isa = PBXBuildFile; fileRef = F0FFDFAB2B19E405004F0950 /* TupleVC.swift */; };
/* End PBXBuildFile section */

/* Begin PBXFileReference section */
		F00C634D2B1F40E60032363B /* SetVC.swift */ = {isa = PBXFileReference; lastKnownFileType = sourcecode.swift; path = SetVC.swift; sourceTree = "<group>"; };
		F00E3E512B710CF6009B6E10 /* MementoVC.swift */ = {isa = PBXFileReference; lastKnownFileType = sourcecode.swift; path = MementoVC.swift; sourceTree = "<group>"; };
		F00E3E542B71F795009B6E10 /* HigherOrderFunctionVC.swift */ = {isa = PBXFileReference; lastKnownFileType = sourcecode.swift; path = HigherOrderFunctionVC.swift; sourceTree = "<group>"; };
		F00E3E572B720A42009B6E10 /* SortVC.swift */ = {isa = PBXFileReference; lastKnownFileType = sourcecode.swift; path = SortVC.swift; sourceTree = "<group>"; };
		F01515172B612717005838B2 /* ARCViewController.swift */ = {isa = PBXFileReference; lastKnownFileType = sourcecode.swift; path = ARCViewController.swift; sourceTree = "<group>"; };
		F0283B902B1DD3D9003AA403 /* IdentityOperatorVC.swift */ = {isa = PBXFileReference; lastKnownFileType = sourcecode.swift; path = IdentityOperatorVC.swift; sourceTree = "<group>"; };
		F0283B922B1DD527003AA403 /* RangeOperatorViewController.swift */ = {isa = PBXFileReference; lastKnownFileType = sourcecode.swift; path = RangeOperatorViewController.swift; sourceTree = "<group>"; };
		F0283B942B1DDCA4003AA403 /* StringVC.swift */ = {isa = PBXFileReference; lastKnownFileType = sourcecode.swift; path = StringVC.swift; sourceTree = "<group>"; };
		F0283B962B1F32E4003AA403 /* ArrayVC.swift */ = {isa = PBXFileReference; lastKnownFileType = sourcecode.swift; path = ArrayVC.swift; sourceTree = "<group>"; };
		F03295172B467A77005D3C2E /* ErrorHandlingVC.swift */ = {isa = PBXFileReference; lastKnownFileType = sourcecode.swift; path = ErrorHandlingVC.swift; sourceTree = "<group>"; };
		F03295192B46BB26005D3C2E /* ConcurrentVC.swift */ = {isa = PBXFileReference; lastKnownFileType = sourcecode.swift; path = ConcurrentVC.swift; sourceTree = "<group>"; };
		F032951B2B47CB3E005D3C2E /* TaskGroupVC.swift */ = {isa = PBXFileReference; lastKnownFileType = sourcecode.swift; path = TaskGroupVC.swift; sourceTree = "<group>"; };
		F0546DE82B21C30B0028D662 /* DictionaryVC.swift */ = {isa = PBXFileReference; lastKnownFileType = sourcecode.swift; path = DictionaryVC.swift; sourceTree = "<group>"; };
		F0546DEA2B21DA800028D662 /* ControlFlowVC.swift */ = {isa = PBXFileReference; lastKnownFileType = sourcecode.swift; path = ControlFlowVC.swift; sourceTree = "<group>"; };
		F0546DEC2B232A2B0028D662 /* FunctionVC.swift */ = {isa = PBXFileReference; lastKnownFileType = sourcecode.swift; path = FunctionVC.swift; sourceTree = "<group>"; };
		F0546DEE2B258EBC0028D662 /* SingletonViewController.swift */ = {isa = PBXFileReference; lastKnownFileType = sourcecode.swift; path = SingletonViewController.swift; sourceTree = "<group>"; };
		F0546DF02B25A80F0028D662 /* DeinitalizeViewController.swift */ = {isa = PBXFileReference; lastKnownFileType = sourcecode.swift; path = DeinitalizeViewController.swift; sourceTree = "<group>"; };
		F0546DF22B25AB170028D662 /* EscapingViewController.swift */ = {isa = PBXFileReference; lastKnownFileType = sourcecode.swift; path = EscapingViewController.swift; sourceTree = "<group>"; };
		F0546DF42B25AFB10028D662 /* PropertyViewController.swift */ = {isa = PBXFileReference; lastKnownFileType = sourcecode.swift; path = PropertyViewController.swift; sourceTree = "<group>"; };
		F0546DF62B261E740028D662 /* ClosureViewController.swift */ = {isa = PBXFileReference; lastKnownFileType = sourcecode.swift; path = ClosureViewController.swift; sourceTree = "<group>"; };
		F0546DF82B262CA50028D662 /* ProtocolViewController.swift */ = {isa = PBXFileReference; lastKnownFileType = sourcecode.swift; path = ProtocolViewController.swift; sourceTree = "<group>"; };
		F0546DFA2B26C6790028D662 /* HighOrderFunctionVC.swift */ = {isa = PBXFileReference; lastKnownFileType = sourcecode.swift; path = HighOrderFunctionVC.swift; sourceTree = "<group>"; };
		F0546DFC2B26D0320028D662 /* GenericViewController.swift */ = {isa = PBXFileReference; lastKnownFileType = sourcecode.swift; path = GenericViewController.swift; sourceTree = "<group>"; };
		F068FBE82B272292004A71D5 /* InitalizatierVC.swift */ = {isa = PBXFileReference; lastKnownFileType = sourcecode.swift; path = InitalizatierVC.swift; sourceTree = "<group>"; };
		F068FBEA2B27711C004A71D5 /* NilViewController.swift */ = {isa = PBXFileReference; lastKnownFileType = sourcecode.swift; path = NilViewController.swift; sourceTree = "<group>"; };
		F06A381A2B5A94C500C321BB /* GenericWithReturnValueVC.swift */ = {isa = PBXFileReference; lastKnownFileType = sourcecode.swift; path = GenericWithReturnValueVC.swift; sourceTree = "<group>"; };
		F06A381C2B5A956700C321BB /* GenericTypeVC.swift */ = {isa = PBXFileReference; lastKnownFileType = sourcecode.swift; path = GenericTypeVC.swift; sourceTree = "<group>"; };
		F06A381E2B5A967C00C321BB /* ExtensionGenericVC.swift */ = {isa = PBXFileReference; lastKnownFileType = sourcecode.swift; path = ExtensionGenericVC.swift; sourceTree = "<group>"; };
		F06A38202B5A993E00C321BB /* GenericTypeConstraintVC.swift */ = {isa = PBXFileReference; lastKnownFileType = sourcecode.swift; path = GenericTypeConstraintVC.swift; sourceTree = "<group>"; };
		F0727E6A2B2AF4EC006606C7 /* EnumViewController.swift */ = {isa = PBXFileReference; lastKnownFileType = sourcecode.swift; path = EnumViewController.swift; sourceTree = "<group>"; };
		F0727E6C2B2B02F8006606C7 /* ImplicitExplicitVC.swift */ = {isa = PBXFileReference; lastKnownFileType = sourcecode.swift; path = ImplicitExplicitVC.swift; sourceTree = "<group>"; };
		F072FAB92B6A68C9003AF4A3 /* AdapterVC.swift */ = {isa = PBXFileReference; lastKnownFileType = sourcecode.swift; path = AdapterVC.swift; sourceTree = "<group>"; };
		F072FABB2B6A68D9003AF4A3 /* BridgeVC.swift */ = {isa = PBXFileReference; lastKnownFileType = sourcecode.swift; path = BridgeVC.swift; sourceTree = "<group>"; };
		F072FABD2B6A68EC003AF4A3 /* CompositeVC.swift */ = {isa = PBXFileReference; lastKnownFileType = sourcecode.swift; path = CompositeVC.swift; sourceTree = "<group>"; };
		F072FABF2B6A68FC003AF4A3 /* DecoratorVC.swift */ = {isa = PBXFileReference; lastKnownFileType = sourcecode.swift; path = DecoratorVC.swift; sourceTree = "<group>"; };
		F072FAC12B6A690B003AF4A3 /* FacadeVC.swift */ = {isa = PBXFileReference; lastKnownFileType = sourcecode.swift; path = FacadeVC.swift; sourceTree = "<group>"; };
		F072FAC32B6A691C003AF4A3 /* FlyweightVC.swift */ = {isa = PBXFileReference; lastKnownFileType = sourcecode.swift; path = FlyweightVC.swift; sourceTree = "<group>"; };
		F072FAC52B6A692C003AF4A3 /* ProxyVC.swift */ = {isa = PBXFileReference; lastKnownFileType = sourcecode.swift; path = ProxyVC.swift; sourceTree = "<group>"; };
		F072FAC72B6CBAEE003AF4A3 /* ChainOfResponsibilityVC.swift */ = {isa = PBXFileReference; lastKnownFileType = sourcecode.swift; path = ChainOfResponsibilityVC.swift; sourceTree = "<group>"; };
		F072FAC92B6CBB13003AF4A3 /* CommandVC.swift */ = {isa = PBXFileReference; lastKnownFileType = sourcecode.swift; path = CommandVC.swift; sourceTree = "<group>"; };
		F072FACB2B6CBB27003AF4A3 /* IteratorVC.swift */ = {isa = PBXFileReference; lastKnownFileType = sourcecode.swift; path = IteratorVC.swift; sourceTree = "<group>"; };
		F072FACD2B6CBB39003AF4A3 /* MediatorVC.swift */ = {isa = PBXFileReference; lastKnownFileType = sourcecode.swift; path = MediatorVC.swift; sourceTree = "<group>"; };
		F072FAD12B6CBB59003AF4A3 /* ObserverVC.swift */ = {isa = PBXFileReference; lastKnownFileType = sourcecode.swift; path = ObserverVC.swift; sourceTree = "<group>"; };
		F072FAD32B6CBB68003AF4A3 /* StateVC.swift */ = {isa = PBXFileReference; lastKnownFileType = sourcecode.swift; path = StateVC.swift; sourceTree = "<group>"; };
		F072FAD52B6CBB78003AF4A3 /* StrategyVC.swift */ = {isa = PBXFileReference; lastKnownFileType = sourcecode.swift; path = StrategyVC.swift; sourceTree = "<group>"; };
		F072FAD72B6CBB88003AF4A3 /* TemplateVC.swift */ = {isa = PBXFileReference; lastKnownFileType = sourcecode.swift; path = TemplateVC.swift; sourceTree = "<group>"; };
		F072FAD92B6CBB98003AF4A3 /* VisitorVC.swift */ = {isa = PBXFileReference; lastKnownFileType = sourcecode.swift; path = VisitorVC.swift; sourceTree = "<group>"; };
		F073C0F92B4BC44E00542EBE /* ActorVC.swift */ = {isa = PBXFileReference; lastKnownFileType = sourcecode.swift; path = ActorVC.swift; sourceTree = "<group>"; };
		F073C0FB2B4D060100542EBE /* MacroVC.swift */ = {isa = PBXFileReference; lastKnownFileType = sourcecode.swift; path = MacroVC.swift; sourceTree = "<group>"; };
		F08D03B02B3062630030422D /* ClassStructViewController.swift */ = {isa = PBXFileReference; lastKnownFileType = sourcecode.swift; path = ClassStructViewController.swift; sourceTree = "<group>"; };
		F08D03B22B30AF320030422D /* CallbyValueReferenceViewController.swift */ = {isa = PBXFileReference; lastKnownFileType = sourcecode.swift; path = CallbyValueReferenceViewController.swift; sourceTree = "<group>"; };
		F0B0E4A42B5640160071400B /* NestedTypesVC.swift */ = {isa = PBXFileReference; lastKnownFileType = sourcecode.swift; path = NestedTypesVC.swift; sourceTree = "<group>"; };
		F0B0E4A62B5649450071400B /* ExtensionViewController.swift */ = {isa = PBXFileReference; lastKnownFileType = sourcecode.swift; path = ExtensionViewController.swift; sourceTree = "<group>"; };
		F0B0E4A82B5793720071400B /* ConvenienceInitializerVC.swift */ = {isa = PBXFileReference; lastKnownFileType = sourcecode.swift; path = ConvenienceInitializerVC.swift; sourceTree = "<group>"; };
		F0B0E4AA2B579B680071400B /* OpaqueTypeVC.swift */ = {isa = PBXFileReference; lastKnownFileType = sourcecode.swift; path = OpaqueTypeVC.swift; sourceTree = "<group>"; };
		F0B0E4AC2B57A5710071400B /* DelegateVC.swift */ = {isa = PBXFileReference; lastKnownFileType = sourcecode.swift; path = DelegateVC.swift; sourceTree = "<group>"; };
		F0B0E4AE2B57B1190071400B /* ProtocolExtensinVC.swift */ = {isa = PBXFileReference; lastKnownFileType = sourcecode.swift; path = ProtocolExtensinVC.swift; sourceTree = "<group>"; };
		F0B0E4B12B57F6D70071400B /* SynthesizedProtocol.swift */ = {isa = PBXFileReference; lastKnownFileType = sourcecode.swift; path = SynthesizedProtocol.swift; sourceTree = "<group>"; };
		F0B0E4B32B58EE5A0071400B /* ProtocolCollectionVC.swift */ = {isa = PBXFileReference; lastKnownFileType = sourcecode.swift; path = ProtocolCollectionVC.swift; sourceTree = "<group>"; };
		F0B0E4B52B58F20B0071400B /* ProtocolInheritanceVC.swift */ = {isa = PBXFileReference; lastKnownFileType = sourcecode.swift; path = ProtocolInheritanceVC.swift; sourceTree = "<group>"; };
		F0B0E4B72B58F8380071400B /* ClassOnlyProtocolVC.swift */ = {isa = PBXFileReference; lastKnownFileType = sourcecode.swift; path = ClassOnlyProtocolVC.swift; sourceTree = "<group>"; };
		F0B0E4B92B58FA150071400B /* CompositionProtocolVC.swift */ = {isa = PBXFileReference; lastKnownFileType = sourcecode.swift; path = CompositionProtocolVC.swift; sourceTree = "<group>"; };
		F0B0E4BB2B59049B0071400B /* ConformanceProtocolVC.swift */ = {isa = PBXFileReference; lastKnownFileType = sourcecode.swift; path = ConformanceProtocolVC.swift; sourceTree = "<group>"; };
		F0B0E4BD2B590B9F0071400B /* OptionalProtocolVC.swift */ = {isa = PBXFileReference; lastKnownFileType = sourcecode.swift; path = OptionalProtocolVC.swift; sourceTree = "<group>"; };
		F0B0E4BF2B5915F50071400B /* ProtocolExtensionVC.swift */ = {isa = PBXFileReference; lastKnownFileType = sourcecode.swift; path = ProtocolExtensionVC.swift; sourceTree = "<group>"; };
		F0B0E4C12B59355E0071400B /* TypeCastingVC.swift */ = {isa = PBXFileReference; lastKnownFileType = sourcecode.swift; path = TypeCastingVC.swift; sourceTree = "<group>"; };
		F0B616A22B725728005BD182 /* CodeableVC.swift */ = {isa = PBXFileReference; lastKnownFileType = sourcecode.swift; path = CodeableVC.swift; sourceTree = "<group>"; };
		F0BFD26D2B4549DF00BF7DC6 /* OptionalChainingVC.swift */ = {isa = PBXFileReference; lastKnownFileType = sourcecode.swift; path = OptionalChainingVC.swift; sourceTree = "<group>"; };
		F0C1A69C2B678DA4007E8A43 /* ARCClosureVC.swift */ = {isa = PBXFileReference; lastKnownFileType = sourcecode.swift; path = ARCClosureVC.swift; sourceTree = "<group>"; };
		F0C1A69E2B67D1C4007E8A43 /* MemorySafetyVC.swift */ = {isa = PBXFileReference; lastKnownFileType = sourcecode.swift; path = MemorySafetyVC.swift; sourceTree = "<group>"; };
		F0C1A6A02B6911BB007E8A43 /* AccessLevelVC.swift */ = {isa = PBXFileReference; lastKnownFileType = sourcecode.swift; path = AccessLevelVC.swift; sourceTree = "<group>"; };
		F0C1A6A62B695CF1007E8A43 /* FactoryMethodVC.swift */ = {isa = PBXFileReference; lastKnownFileType = sourcecode.swift; path = FactoryMethodVC.swift; sourceTree = "<group>"; };
		F0C1A6A82B6961DA007E8A43 /* AbstractFactoryVC.swift */ = {isa = PBXFileReference; lastKnownFileType = sourcecode.swift; path = AbstractFactoryVC.swift; sourceTree = "<group>"; };
		F0C1A6AA2B6966A5007E8A43 /* BuilderVC.swift */ = {isa = PBXFileReference; lastKnownFileType = sourcecode.swift; path = BuilderVC.swift; sourceTree = "<group>"; };
		F0C1A6AC2B696BDF007E8A43 /* PrototypeVC.swift */ = {isa = PBXFileReference; lastKnownFileType = sourcecode.swift; path = PrototypeVC.swift; sourceTree = "<group>"; };
		F0DB789B2B1739DA008FB987 /* TestApp.app */ = {isa = PBXFileReference; explicitFileType = wrapper.application; includeInIndex = 0; path = TestApp.app; sourceTree = BUILT_PRODUCTS_DIR; };
		F0DB789E2B1739DA008FB987 /* AppDelegate.swift */ = {isa = PBXFileReference; lastKnownFileType = sourcecode.swift; path = AppDelegate.swift; sourceTree = "<group>"; };
		F0DB78A02B1739DA008FB987 /* SceneDelegate.swift */ = {isa = PBXFileReference; lastKnownFileType = sourcecode.swift; path = SceneDelegate.swift; sourceTree = "<group>"; };
		F0DB78A22B1739DA008FB987 /* ViewController.swift */ = {isa = PBXFileReference; lastKnownFileType = sourcecode.swift; path = ViewController.swift; sourceTree = "<group>"; };
		F0DB78A52B1739DA008FB987 /* Base */ = {isa = PBXFileReference; lastKnownFileType = file.storyboard; name = Base; path = Base.lproj/Main.storyboard; sourceTree = "<group>"; };
		F0DB78A72B1739DC008FB987 /* Assets.xcassets */ = {isa = PBXFileReference; lastKnownFileType = folder.assetcatalog; path = Assets.xcassets; sourceTree = "<group>"; };
		F0DB78AA2B1739DC008FB987 /* Base */ = {isa = PBXFileReference; lastKnownFileType = file.storyboard; name = Base; path = Base.lproj/LaunchScreen.storyboard; sourceTree = "<group>"; };
		F0DB78AC2B1739DC008FB987 /* Info.plist */ = {isa = PBXFileReference; lastKnownFileType = text.plist.xml; path = Info.plist; sourceTree = "<group>"; };
		F0DCBB812B395A0B003BF2E9 /* MethodViewController.swift */ = {isa = PBXFileReference; lastKnownFileType = sourcecode.swift; path = MethodViewController.swift; sourceTree = "<group>"; };
		F0DCBB852B399ECD003BF2E9 /* UnqualifiedVC.swift */ = {isa = PBXFileReference; lastKnownFileType = sourcecode.swift; path = UnqualifiedVC.swift; sourceTree = "<group>"; };
		F0DCBB872B3AA1B2003BF2E9 /* SubscriptVC.swift */ = {isa = PBXFileReference; lastKnownFileType = sourcecode.swift; path = SubscriptVC.swift; sourceTree = "<group>"; };
		F0DCBB892B3ACF7E003BF2E9 /* OverLoadingRidingVC.swift */ = {isa = PBXFileReference; lastKnownFileType = sourcecode.swift; path = OverLoadingRidingVC.swift; sourceTree = "<group>"; };
		F0DCBB8B2B3AE25B003BF2E9 /* InheritanceVC.swift */ = {isa = PBXFileReference; lastKnownFileType = sourcecode.swift; path = InheritanceVC.swift; sourceTree = "<group>"; };
		F0FF49132B5E331F003BA40D /* AssociatedTypeVC.swift */ = {isa = PBXFileReference; lastKnownFileType = sourcecode.swift; path = AssociatedTypeVC.swift; sourceTree = "<group>"; };
		F0FF49152B5E5E25003BA40D /* GenericWhereClauseVC.swift */ = {isa = PBXFileReference; lastKnownFileType = sourcecode.swift; path = GenericWhereClauseVC.swift; sourceTree = "<group>"; };
		F0FFDFA92B19D9E4004F0950 /* ConstantVariableVC.swift */ = {isa = PBXFileReference; lastKnownFileType = sourcecode.swift; path = ConstantVariableVC.swift; sourceTree = "<group>"; };
		F0FFDFAB2B19E405004F0950 /* TupleVC.swift */ = {isa = PBXFileReference; lastKnownFileType = sourcecode.swift; path = TupleVC.swift; sourceTree = "<group>"; };
		F0FFDFAD2B19FE10004F0950 /* OptionalViewController.swift */ = {isa = PBXFileReference; lastKnownFileType = sourcecode.swift; path = OptionalViewController.swift; sourceTree = "<group>"; };
/* End PBXFileReference section */

/* Begin PBXFrameworksBuildPhase section */
		F0DB78982B1739DA008FB987 /* Frameworks */ = {
			isa = PBXFrameworksBuildPhase;
			buildActionMask = 2147483647;
			files = (
			);
			runOnlyForDeploymentPostprocessing = 0;
		};
/* End PBXFrameworksBuildPhase section */

/* Begin PBXGroup section */
		F00E3E562B7209BE009B6E10 /* HigherOrderFunction */ = {
			isa = PBXGroup;
			children = (
				F00E3E542B71F795009B6E10 /* HigherOrderFunctionVC.swift */,
				F00E3E572B720A42009B6E10 /* SortVC.swift */,
			);
			path = HigherOrderFunction;
			sourceTree = "<group>";
		};
		F01515152B60D239005838B2 /* Concurrency */ = {
			isa = PBXGroup;
			children = (
				F03295192B46BB26005D3C2E /* ConcurrentVC.swift */,
				F032951B2B47CB3E005D3C2E /* TaskGroupVC.swift */,
				F073C0F92B4BC44E00542EBE /* ActorVC.swift */,
			);
			path = Concurrency;
			sourceTree = "<group>";
		};
		F01515162B60D3F3005838B2 /* Collection */ = {
			isa = PBXGroup;
			children = (
				F0283B962B1F32E4003AA403 /* ArrayVC.swift */,
				F00C634D2B1F40E60032363B /* SetVC.swift */,
				F0546DE82B21C30B0028D662 /* DictionaryVC.swift */,
			);
			path = Collection;
			sourceTree = "<group>";
		};
		F06A38192B5A947700C321BB /* Generic */ = {
			isa = PBXGroup;
			children = (
				F0546DFC2B26D0320028D662 /* GenericViewController.swift */,
				F06A381A2B5A94C500C321BB /* GenericWithReturnValueVC.swift */,
				F06A381C2B5A956700C321BB /* GenericTypeVC.swift */,
				F06A381E2B5A967C00C321BB /* ExtensionGenericVC.swift */,
				F06A38202B5A993E00C321BB /* GenericTypeConstraintVC.swift */,
				F0FF49132B5E331F003BA40D /* AssociatedTypeVC.swift */,
				F0FF49152B5E5E25003BA40D /* GenericWhereClauseVC.swift */,
			);
			path = Generic;
			sourceTree = "<group>";
		};
		F0B0E4B02B57B1260071400B /* Protocol */ = {
			isa = PBXGroup;
			children = (
				F0546DF82B262CA50028D662 /* ProtocolViewController.swift */,
				F0B0E4AA2B579B680071400B /* OpaqueTypeVC.swift */,
				F0B0E4AC2B57A5710071400B /* DelegateVC.swift */,
				F0B0E4AE2B57B1190071400B /* ProtocolExtensinVC.swift */,
				F0B0E4B12B57F6D70071400B /* SynthesizedProtocol.swift */,
				F0B0E4B32B58EE5A0071400B /* ProtocolCollectionVC.swift */,
				F0B0E4B52B58F20B0071400B /* ProtocolInheritanceVC.swift */,
				F0B0E4B72B58F8380071400B /* ClassOnlyProtocolVC.swift */,
				F0B0E4B92B58FA150071400B /* CompositionProtocolVC.swift */,
				F0B0E4BB2B59049B0071400B /* ConformanceProtocolVC.swift */,
				F0B0E4BD2B590B9F0071400B /* OptionalProtocolVC.swift */,
				F0B0E4BF2B5915F50071400B /* ProtocolExtensionVC.swift */,
				F0B616A22B725728005BD182 /* CodeableVC.swift */,
			);
			path = Protocol;
			sourceTree = "<group>";
		};
		F0C1A69B2B678D8B007E8A43 /* ARC */ = {
			isa = PBXGroup;
			children = (
				F01515172B612717005838B2 /* ARCViewController.swift */,
				F0C1A69C2B678DA4007E8A43 /* ARCClosureVC.swift */,
			);
			path = ARC;
			sourceTree = "<group>";
		};
		F0C1A6A22B695BD0007E8A43 /* DesignPattern */ = {
			isa = PBXGroup;
			children = (
				F0C1A6A32B695BDE007E8A43 /* CreationalDesignPattern */,
				F0C1A6A52B695C03007E8A43 /* StructuralDesignPattern */,
				F0C1A6A42B695BF1007E8A43 /* BehaviouralDesignPattern */,
			);
			path = DesignPattern;
			sourceTree = "<group>";
		};
		F0C1A6A32B695BDE007E8A43 /* CreationalDesignPattern */ = {
			isa = PBXGroup;
			children = (
				F0C1A6A62B695CF1007E8A43 /* FactoryMethodVC.swift */,
				F0C1A6A82B6961DA007E8A43 /* AbstractFactoryVC.swift */,
				F0C1A6AA2B6966A5007E8A43 /* BuilderVC.swift */,
				F0C1A6AC2B696BDF007E8A43 /* PrototypeVC.swift */,
				F0546DEE2B258EBC0028D662 /* SingletonViewController.swift */,
			);
			path = CreationalDesignPattern;
			sourceTree = "<group>";
		};
		F0C1A6A42B695BF1007E8A43 /* BehaviouralDesignPattern */ = {
			isa = PBXGroup;
			children = (
				F072FAC72B6CBAEE003AF4A3 /* ChainOfResponsibilityVC.swift */,
				F072FAC92B6CBB13003AF4A3 /* CommandVC.swift */,
				F072FACB2B6CBB27003AF4A3 /* IteratorVC.swift */,
				F072FACD2B6CBB39003AF4A3 /* MediatorVC.swift */,
				F00E3E512B710CF6009B6E10 /* MementoVC.swift */,
				F072FAD12B6CBB59003AF4A3 /* ObserverVC.swift */,
				F072FAD32B6CBB68003AF4A3 /* StateVC.swift */,
				F072FAD52B6CBB78003AF4A3 /* StrategyVC.swift */,
				F072FAD72B6CBB88003AF4A3 /* TemplateVC.swift */,
				F072FAD92B6CBB98003AF4A3 /* VisitorVC.swift */,
			);
			path = BehaviouralDesignPattern;
			sourceTree = "<group>";
		};
		F0C1A6A52B695C03007E8A43 /* StructuralDesignPattern */ = {
			isa = PBXGroup;
			children = (
				F072FAB92B6A68C9003AF4A3 /* AdapterVC.swift */,
				F072FABB2B6A68D9003AF4A3 /* BridgeVC.swift */,
				F072FABD2B6A68EC003AF4A3 /* CompositeVC.swift */,
				F072FABF2B6A68FC003AF4A3 /* DecoratorVC.swift */,
				F072FAC12B6A690B003AF4A3 /* FacadeVC.swift */,
				F072FAC32B6A691C003AF4A3 /* FlyweightVC.swift */,
				F072FAC52B6A692C003AF4A3 /* ProxyVC.swift */,
			);
			path = StructuralDesignPattern;
			sourceTree = "<group>";
		};
		F0DB78922B1739DA008FB987 = {
			isa = PBXGroup;
			children = (
				F0DB789D2B1739DA008FB987 /* TestApp */,
				F0DB789C2B1739DA008FB987 /* Products */,
			);
			sourceTree = "<group>";
		};
		F0DB789C2B1739DA008FB987 /* Products */ = {
			isa = PBXGroup;
			children = (
				F0DB789B2B1739DA008FB987 /* TestApp.app */,
			);
			name = Products;
			sourceTree = "<group>";
		};
		F0DB789D2B1739DA008FB987 /* TestApp */ = {
			isa = PBXGroup;
			children = (
				F0DB789E2B1739DA008FB987 /* AppDelegate.swift */,
				F0DB78A02B1739DA008FB987 /* SceneDelegate.swift */,
				F0DB78A22B1739DA008FB987 /* ViewController.swift */,
				F0FFDFA92B19D9E4004F0950 /* ConstantVariableVC.swift */,
				F0FFDFAB2B19E405004F0950 /* TupleVC.swift */,
				F0FFDFAD2B19FE10004F0950 /* OptionalViewController.swift */,
				F068FBEA2B27711C004A71D5 /* NilViewController.swift */,
				F0283B902B1DD3D9003AA403 /* IdentityOperatorVC.swift */,
				F0283B922B1DD527003AA403 /* RangeOperatorViewController.swift */,
				F0283B942B1DDCA4003AA403 /* StringVC.swift */,
				F01515162B60D3F3005838B2 /* Collection */,
				F0727E6C2B2B02F8006606C7 /* ImplicitExplicitVC.swift */,
				F0546DEA2B21DA800028D662 /* ControlFlowVC.swift */,
				F08D03B22B30AF320030422D /* CallbyValueReferenceViewController.swift */,
				F0546DEC2B232A2B0028D662 /* FunctionVC.swift */,
				F0546DF62B261E740028D662 /* ClosureViewController.swift */,
				F0546DF22B25AB170028D662 /* EscapingViewController.swift */,
				F0727E6A2B2AF4EC006606C7 /* EnumViewController.swift */,
				F08D03B02B3062630030422D /* ClassStructViewController.swift */,
				F0546DF42B25AFB10028D662 /* PropertyViewController.swift */,
				F0DCBB892B3ACF7E003BF2E9 /* OverLoadingRidingVC.swift */,
				F0DCBB812B395A0B003BF2E9 /* MethodViewController.swift */,
				F0DCBB852B399ECD003BF2E9 /* UnqualifiedVC.swift */,
				F0DCBB872B3AA1B2003BF2E9 /* SubscriptVC.swift */,
				F0DCBB8B2B3AE25B003BF2E9 /* InheritanceVC.swift */,
				F068FBE82B272292004A71D5 /* InitalizatierVC.swift */,
				F0B0E4A82B5793720071400B /* ConvenienceInitializerVC.swift */,
				F0546DF02B25A80F0028D662 /* DeinitalizeViewController.swift */,
				F0BFD26D2B4549DF00BF7DC6 /* OptionalChainingVC.swift */,
				F03295172B467A77005D3C2E /* ErrorHandlingVC.swift */,
				F01515152B60D239005838B2 /* Concurrency */,
				F0B0E4C12B59355E0071400B /* TypeCastingVC.swift */,
				F073C0FB2B4D060100542EBE /* MacroVC.swift */,
				F0B0E4A42B5640160071400B /* NestedTypesVC.swift */,
				F0B0E4A62B5649450071400B /* ExtensionViewController.swift */,
				F0DB78A42B1739DA008FB987 /* Main.storyboard */,
				F0DB78A72B1739DC008FB987 /* Assets.xcassets */,
				F0DB78A92B1739DC008FB987 /* LaunchScreen.storyboard */,
				F0DB78AC2B1739DC008FB987 /* Info.plist */,
				F0B0E4B02B57B1260071400B /* Protocol */,
				F06A38192B5A947700C321BB /* Generic */,
				F0546DFA2B26C6790028D662 /* HighOrderFunctionVC.swift */,
				F0C1A69B2B678D8B007E8A43 /* ARC */,
				F0C1A69E2B67D1C4007E8A43 /* MemorySafetyVC.swift */,
				F0C1A6A02B6911BB007E8A43 /* AccessLevelVC.swift */,
				F0C1A6A22B695BD0007E8A43 /* DesignPattern */,
				F00E3E562B7209BE009B6E10 /* HigherOrderFunction */,
			);
			path = TestApp;
			sourceTree = "<group>";
		};
/* End PBXGroup section */

/* Begin PBXNativeTarget section */
		F0DB789A2B1739DA008FB987 /* TestApp */ = {
			isa = PBXNativeTarget;
			buildConfigurationList = F0DB78AF2B1739DC008FB987 /* Build configuration list for PBXNativeTarget "TestApp" */;
			buildPhases = (
				F0DB78972B1739DA008FB987 /* Sources */,
				F0DB78982B1739DA008FB987 /* Frameworks */,
				F0DB78992B1739DA008FB987 /* Resources */,
			);
			buildRules = (
			);
			dependencies = (
			);
			name = TestApp;
			productName = TestApp;
			productReference = F0DB789B2B1739DA008FB987 /* TestApp.app */;
			productType = "com.apple.product-type.application";
		};
/* End PBXNativeTarget section */

/* Begin PBXProject section */
		F0DB78932B1739DA008FB987 /* Project object */ = {
			isa = PBXProject;
			attributes = {
				BuildIndependentTargetsInParallel = 1;
				LastSwiftUpdateCheck = 1500;
				LastUpgradeCheck = 1500;
				TargetAttributes = {
					F0DB789A2B1739DA008FB987 = {
						CreatedOnToolsVersion = 15.0;
					};
				};
			};
			buildConfigurationList = F0DB78962B1739DA008FB987 /* Build configuration list for PBXProject "TestApp" */;
			compatibilityVersion = "Xcode 14.0";
			developmentRegion = en;
			hasScannedForEncodings = 0;
			knownRegions = (
				en,
				Base,
			);
			mainGroup = F0DB78922B1739DA008FB987;
			productRefGroup = F0DB789C2B1739DA008FB987 /* Products */;
			projectDirPath = "";
			projectRoot = "";
			targets = (
				F0DB789A2B1739DA008FB987 /* TestApp */,
			);
		};
/* End PBXProject section */

/* Begin PBXResourcesBuildPhase section */
		F0DB78992B1739DA008FB987 /* Resources */ = {
			isa = PBXResourcesBuildPhase;
			buildActionMask = 2147483647;
			files = (
				F0DB78AB2B1739DC008FB987 /* LaunchScreen.storyboard in Resources */,
				F0DB78A82B1739DC008FB987 /* Assets.xcassets in Resources */,
				F0DB78A62B1739DA008FB987 /* Main.storyboard in Resources */,
			);
			runOnlyForDeploymentPostprocessing = 0;
		};
/* End PBXResourcesBuildPhase section */

/* Begin PBXSourcesBuildPhase section */
		F0DB78972B1739DA008FB987 /* Sources */ = {
			isa = PBXSourcesBuildPhase;
			buildActionMask = 2147483647;
			files = (
				F072FAD82B6CBB88003AF4A3 /* TemplateVC.swift in Sources */,
				F072FAD42B6CBB68003AF4A3 /* StateVC.swift in Sources */,
				F068FBE92B272292004A71D5 /* InitalizatierVC.swift in Sources */,
				F0546DF92B262CA50028D662 /* ProtocolViewController.swift in Sources */,
				F0C1A6A72B695CF1007E8A43 /* FactoryMethodVC.swift in Sources */,
				F0546DF72B261E740028D662 /* ClosureViewController.swift in Sources */,
				F072FAC02B6A68FC003AF4A3 /* DecoratorVC.swift in Sources */,
				F072FABE2B6A68EC003AF4A3 /* CompositeVC.swift in Sources */,
				F0C1A6AB2B6966A5007E8A43 /* BuilderVC.swift in Sources */,
				F0B0E4C22B59355E0071400B /* TypeCastingVC.swift in Sources */,
				F00E3E582B720A42009B6E10 /* SortVC.swift in Sources */,
				F072FABC2B6A68D9003AF4A3 /* BridgeVC.swift in Sources */,
				F0B0E4BA2B58FA150071400B /* CompositionProtocolVC.swift in Sources */,
				F0546DF32B25AB170028D662 /* EscapingViewController.swift in Sources */,
				F06A381F2B5A967C00C321BB /* ExtensionGenericVC.swift in Sources */,
				F0DCBB882B3AA1B2003BF2E9 /* SubscriptVC.swift in Sources */,
				F0546DF12B25A80F0028D662 /* DeinitalizeViewController.swift in Sources */,
				F072FAC22B6A690B003AF4A3 /* FacadeVC.swift in Sources */,
				F03295182B467A77005D3C2E /* ErrorHandlingVC.swift in Sources */,
				F0546DEB2B21DA800028D662 /* ControlFlowVC.swift in Sources */,
				F06A38212B5A993E00C321BB /* GenericTypeConstraintVC.swift in Sources */,
				F0B0E4BE2B590B9F0071400B /* OptionalProtocolVC.swift in Sources */,
				F0283B932B1DD527003AA403 /* RangeOperatorViewController.swift in Sources */,
				F0BFD26E2B4549DF00BF7DC6 /* OptionalChainingVC.swift in Sources */,
				F072FAC82B6CBAEE003AF4A3 /* ChainOfResponsibilityVC.swift in Sources */,
				F00E3E522B710CF6009B6E10 /* MementoVC.swift in Sources */,
				F0DCBB862B399ECD003BF2E9 /* UnqualifiedVC.swift in Sources */,
				F0727E6B2B2AF4EC006606C7 /* EnumViewController.swift in Sources */,
				F08D03B32B30AF320030422D /* CallbyValueReferenceViewController.swift in Sources */,
				F0B0E4BC2B59049C0071400B /* ConformanceProtocolVC.swift in Sources */,
				F0546DEF2B258EBC0028D662 /* SingletonViewController.swift in Sources */,
				F0727E6D2B2B02F8006606C7 /* ImplicitExplicitVC.swift in Sources */,
				F072FADA2B6CBB98003AF4A3 /* VisitorVC.swift in Sources */,
				F0546DFB2B26C6790028D662 /* HighOrderFunctionVC.swift in Sources */,
				F0B0E4A92B5793720071400B /* ConvenienceInitializerVC.swift in Sources */,
				F01515182B612717005838B2 /* ARCViewController.swift in Sources */,
				F0B0E4C02B5915F50071400B /* ProtocolExtensionVC.swift in Sources */,
				F068FBEB2B27711C004A71D5 /* NilViewController.swift in Sources */,
				F0DCBB822B395A0B003BF2E9 /* MethodViewController.swift in Sources */,
				F0C1A69F2B67D1C4007E8A43 /* MemorySafetyVC.swift in Sources */,
				F0B0E4AB2B579B680071400B /* OpaqueTypeVC.swift in Sources */,
				F073C0FA2B4BC44E00542EBE /* ActorVC.swift in Sources */,
				F0B616A32B725728005BD182 /* CodeableVC.swift in Sources */,
				F0283B972B1F32E4003AA403 /* ArrayVC.swift in Sources */,
				F0DCBB8C2B3AE25B003BF2E9 /* InheritanceVC.swift in Sources */,
				F0283B952B1DDCA4003AA403 /* StringVC.swift in Sources */,
				F0B0E4B22B57F6D70071400B /* SynthesizedProtocol.swift in Sources */,
				F0B0E4AF2B57B1190071400B /* ProtocolExtensinVC.swift in Sources */,
				F072FACA2B6CBB13003AF4A3 /* CommandVC.swift in Sources */,
				F00C634E2B1F40E60032363B /* SetVC.swift in Sources */,
				F0FF49142B5E331F003BA40D /* AssociatedTypeVC.swift in Sources */,
				F0C1A6A92B6961DA007E8A43 /* AbstractFactoryVC.swift in Sources */,
				F0FFDFAA2B19D9E4004F0950 /* ConstantVariableVC.swift in Sources */,
				F0B0E4B42B58EE5A0071400B /* ProtocolCollectionVC.swift in Sources */,
				F0C1A69D2B678DA4007E8A43 /* ARCClosureVC.swift in Sources */,
				F0FF49162B5E5E25003BA40D /* GenericWhereClauseVC.swift in Sources */,
				F0DCBB8A2B3ACF7E003BF2E9 /* OverLoadingRidingVC.swift in Sources */,
				F0546DF52B25AFB10028D662 /* PropertyViewController.swift in Sources */,
				F0B0E4AD2B57A5710071400B /* DelegateVC.swift in Sources */,
				F072FAC62B6A692C003AF4A3 /* ProxyVC.swift in Sources */,
				F0546DE92B21C30B0028D662 /* DictionaryVC.swift in Sources */,
				F072FACE2B6CBB39003AF4A3 /* MediatorVC.swift in Sources */,
				F073C0FC2B4D060100542EBE /* MacroVC.swift in Sources */,
				F0FFDFAC2B19E405004F0950 /* TupleVC.swift in Sources */,
				F0DB78A32B1739DA008FB987 /* ViewController.swift in Sources */,
				F072FAD22B6CBB59003AF4A3 /* ObserverVC.swift in Sources */,
				F0546DED2B232A2B0028D662 /* FunctionVC.swift in Sources */,
				F072FAD62B6CBB78003AF4A3 /* StrategyVC.swift in Sources */,
				F0283B912B1DD3D9003AA403 /* IdentityOperatorVC.swift in Sources */,
				F08D03B12B3062630030422D /* ClassStructViewController.swift in Sources */,
				F0B0E4B82B58F8380071400B /* ClassOnlyProtocolVC.swift in Sources */,
				F0C1A6A12B6911BB007E8A43 /* AccessLevelVC.swift in Sources */,
				F032951A2B46BB26005D3C2E /* ConcurrentVC.swift in Sources */,
				F0546DFD2B26D0320028D662 /* GenericViewController.swift in Sources */,
				F072FAC42B6A691C003AF4A3 /* FlyweightVC.swift in Sources */,
				F072FACC2B6CBB27003AF4A3 /* IteratorVC.swift in Sources */,
				F032951C2B47CB3E005D3C2E /* TaskGroupVC.swift in Sources */,
				F0B0E4A72B5649450071400B /* ExtensionViewController.swift in Sources */,
				F0B0E4A52B5640160071400B /* NestedTypesVC.swift in Sources */,
				F06A381D2B5A956700C321BB /* GenericTypeVC.swift in Sources */,
				F06A381B2B5A94C500C321BB /* GenericWithReturnValueVC.swift in Sources */,
				F0B0E4B62B58F20B0071400B /* ProtocolInheritanceVC.swift in Sources */,
				F00E3E552B71F795009B6E10 /* HigherOrderFunctionVC.swift in Sources */,
				F072FABA2B6A68C9003AF4A3 /* AdapterVC.swift in Sources */,
				F0C1A6AD2B696BDF007E8A43 /* PrototypeVC.swift in Sources */,
				F0DB789F2B1739DA008FB987 /* AppDelegate.swift in Sources */,
				F0DB78A12B1739DA008FB987 /* SceneDelegate.swift in Sources */,
			);
			runOnlyForDeploymentPostprocessing = 0;
		};
/* End PBXSourcesBuildPhase section */

/* Begin PBXVariantGroup section */
		F0DB78A42B1739DA008FB987 /* Main.storyboard */ = {
			isa = PBXVariantGroup;
			children = (
				F0DB78A52B1739DA008FB987 /* Base */,
			);
			name = Main.storyboard;
			sourceTree = "<group>";
		};
		F0DB78A92B1739DC008FB987 /* LaunchScreen.storyboard */ = {
			isa = PBXVariantGroup;
			children = (
				F0DB78AA2B1739DC008FB987 /* Base */,
			);
			name = LaunchScreen.storyboard;
			sourceTree = "<group>";
		};
/* End PBXVariantGroup section */

/* Begin XCBuildConfiguration section */
		F0DB78AD2B1739DC008FB987 /* Debug */ = {
			isa = XCBuildConfiguration;
			buildSettings = {
				ALWAYS_SEARCH_USER_PATHS = NO;
				ASSETCATALOG_COMPILER_GENERATE_SWIFT_ASSET_SYMBOL_EXTENSIONS = YES;
				CLANG_ANALYZER_NONNULL = YES;
				CLANG_ANALYZER_NUMBER_OBJECT_CONVERSION = YES_AGGRESSIVE;
				CLANG_CXX_LANGUAGE_STANDARD = "gnu++20";
				CLANG_ENABLE_MODULES = YES;
				CLANG_ENABLE_OBJC_ARC = YES;
				CLANG_ENABLE_OBJC_WEAK = YES;
				CLANG_WARN_BLOCK_CAPTURE_AUTORELEASING = YES;
				CLANG_WARN_BOOL_CONVERSION = YES;
				CLANG_WARN_COMMA = YES;
				CLANG_WARN_CONSTANT_CONVERSION = YES;
				CLANG_WARN_DEPRECATED_OBJC_IMPLEMENTATIONS = YES;
				CLANG_WARN_DIRECT_OBJC_ISA_USAGE = YES_ERROR;
				CLANG_WARN_DOCUMENTATION_COMMENTS = YES;
				CLANG_WARN_EMPTY_BODY = YES;
				CLANG_WARN_ENUM_CONVERSION = YES;
				CLANG_WARN_INFINITE_RECURSION = YES;
				CLANG_WARN_INT_CONVERSION = YES;
				CLANG_WARN_NON_LITERAL_NULL_CONVERSION = YES;
				CLANG_WARN_OBJC_IMPLICIT_RETAIN_SELF = YES;
				CLANG_WARN_OBJC_LITERAL_CONVERSION = YES;
				CLANG_WARN_OBJC_ROOT_CLASS = YES_ERROR;
				CLANG_WARN_QUOTED_INCLUDE_IN_FRAMEWORK_HEADER = YES;
				CLANG_WARN_RANGE_LOOP_ANALYSIS = YES;
				CLANG_WARN_STRICT_PROTOTYPES = YES;
				CLANG_WARN_SUSPICIOUS_MOVE = YES;
				CLANG_WARN_UNGUARDED_AVAILABILITY = YES_AGGRESSIVE;
				CLANG_WARN_UNREACHABLE_CODE = YES;
				CLANG_WARN__DUPLICATE_METHOD_MATCH = YES;
				COPY_PHASE_STRIP = NO;
				DEBUG_INFORMATION_FORMAT = dwarf;
				ENABLE_STRICT_OBJC_MSGSEND = YES;
				ENABLE_TESTABILITY = YES;
				ENABLE_USER_SCRIPT_SANDBOXING = YES;
				GCC_C_LANGUAGE_STANDARD = gnu17;
				GCC_DYNAMIC_NO_PIC = NO;
				GCC_NO_COMMON_BLOCKS = YES;
				GCC_OPTIMIZATION_LEVEL = 0;
				GCC_PREPROCESSOR_DEFINITIONS = (
					"DEBUG=1",
					"$(inherited)",
				);
				GCC_WARN_64_TO_32_BIT_CONVERSION = YES;
				GCC_WARN_ABOUT_RETURN_TYPE = YES_ERROR;
				GCC_WARN_UNDECLARED_SELECTOR = YES;
				GCC_WARN_UNINITIALIZED_AUTOS = YES_AGGRESSIVE;
				GCC_WARN_UNUSED_FUNCTION = YES;
				GCC_WARN_UNUSED_VARIABLE = YES;
				IPHONEOS_DEPLOYMENT_TARGET = 17.0;
				LOCALIZATION_PREFERS_STRING_CATALOGS = YES;
				MTL_ENABLE_DEBUG_INFO = INCLUDE_SOURCE;
				MTL_FAST_MATH = YES;
				ONLY_ACTIVE_ARCH = YES;
				SDKROOT = iphoneos;
				SWIFT_ACTIVE_COMPILATION_CONDITIONS = "DEBUG $(inherited)";
				SWIFT_OPTIMIZATION_LEVEL = "-Onone";
			};
			name = Debug;
		};
		F0DB78AE2B1739DC008FB987 /* Release */ = {
			isa = XCBuildConfiguration;
			buildSettings = {
				ALWAYS_SEARCH_USER_PATHS = NO;
				ASSETCATALOG_COMPILER_GENERATE_SWIFT_ASSET_SYMBOL_EXTENSIONS = YES;
				CLANG_ANALYZER_NONNULL = YES;
				CLANG_ANALYZER_NUMBER_OBJECT_CONVERSION = YES_AGGRESSIVE;
				CLANG_CXX_LANGUAGE_STANDARD = "gnu++20";
				CLANG_ENABLE_MODULES = YES;
				CLANG_ENABLE_OBJC_ARC = YES;
				CLANG_ENABLE_OBJC_WEAK = YES;
				CLANG_WARN_BLOCK_CAPTURE_AUTORELEASING = YES;
				CLANG_WARN_BOOL_CONVERSION = YES;
				CLANG_WARN_COMMA = YES;
				CLANG_WARN_CONSTANT_CONVERSION = YES;
				CLANG_WARN_DEPRECATED_OBJC_IMPLEMENTATIONS = YES;
				CLANG_WARN_DIRECT_OBJC_ISA_USAGE = YES_ERROR;
				CLANG_WARN_DOCUMENTATION_COMMENTS = YES;
				CLANG_WARN_EMPTY_BODY = YES;
				CLANG_WARN_ENUM_CONVERSION = YES;
				CLANG_WARN_INFINITE_RECURSION = YES;
				CLANG_WARN_INT_CONVERSION = YES;
				CLANG_WARN_NON_LITERAL_NULL_CONVERSION = YES;
				CLANG_WARN_OBJC_IMPLICIT_RETAIN_SELF = YES;
				CLANG_WARN_OBJC_LITERAL_CONVERSION = YES;
				CLANG_WARN_OBJC_ROOT_CLASS = YES_ERROR;
				CLANG_WARN_QUOTED_INCLUDE_IN_FRAMEWORK_HEADER = YES;
				CLANG_WARN_RANGE_LOOP_ANALYSIS = YES;
				CLANG_WARN_STRICT_PROTOTYPES = YES;
				CLANG_WARN_SUSPICIOUS_MOVE = YES;
				CLANG_WARN_UNGUARDED_AVAILABILITY = YES_AGGRESSIVE;
				CLANG_WARN_UNREACHABLE_CODE = YES;
				CLANG_WARN__DUPLICATE_METHOD_MATCH = YES;
				COPY_PHASE_STRIP = NO;
				DEBUG_INFORMATION_FORMAT = "dwarf-with-dsym";
				ENABLE_NS_ASSERTIONS = NO;
				ENABLE_STRICT_OBJC_MSGSEND = YES;
				ENABLE_USER_SCRIPT_SANDBOXING = YES;
				GCC_C_LANGUAGE_STANDARD = gnu17;
				GCC_NO_COMMON_BLOCKS = YES;
				GCC_WARN_64_TO_32_BIT_CONVERSION = YES;
				GCC_WARN_ABOUT_RETURN_TYPE = YES_ERROR;
				GCC_WARN_UNDECLARED_SELECTOR = YES;
				GCC_WARN_UNINITIALIZED_AUTOS = YES_AGGRESSIVE;
				GCC_WARN_UNUSED_FUNCTION = YES;
				GCC_WARN_UNUSED_VARIABLE = YES;
				IPHONEOS_DEPLOYMENT_TARGET = 17.0;
				LOCALIZATION_PREFERS_STRING_CATALOGS = YES;
				MTL_ENABLE_DEBUG_INFO = NO;
				MTL_FAST_MATH = YES;
				SDKROOT = iphoneos;
				SWIFT_COMPILATION_MODE = wholemodule;
				VALIDATE_PRODUCT = YES;
			};
			name = Release;
		};
		F0DB78B02B1739DC008FB987 /* Debug */ = {
			isa = XCBuildConfiguration;
			buildSettings = {
				ASSETCATALOG_COMPILER_APPICON_NAME = AppIcon;
				ASSETCATALOG_COMPILER_GLOBAL_ACCENT_COLOR_NAME = AccentColor;
				CODE_SIGN_STYLE = Automatic;
				CURRENT_PROJECT_VERSION = 1;
				GENERATE_INFOPLIST_FILE = YES;
				INFOPLIST_FILE = TestApp/Info.plist;
				INFOPLIST_KEY_UIApplicationSupportsIndirectInputEvents = YES;
				INFOPLIST_KEY_UILaunchStoryboardName = LaunchScreen;
				INFOPLIST_KEY_UIMainStoryboardFile = Main;
				INFOPLIST_KEY_UISupportedInterfaceOrientations_iPad = "UIInterfaceOrientationPortrait UIInterfaceOrientationPortraitUpsideDown UIInterfaceOrientationLandscapeLeft UIInterfaceOrientationLandscapeRight";
				INFOPLIST_KEY_UISupportedInterfaceOrientations_iPhone = "UIInterfaceOrientationPortrait UIInterfaceOrientationLandscapeLeft UIInterfaceOrientationLandscapeRight";
				LD_RUNPATH_SEARCH_PATHS = (
					"$(inherited)",
					"@executable_path/Frameworks",
				);
				MARKETING_VERSION = 1.0;
				PRODUCT_BUNDLE_IDENTIFIER = Knowledge.TestApp;
				PRODUCT_NAME = "$(TARGET_NAME)";
				SWIFT_EMIT_LOC_STRINGS = YES;
				SWIFT_VERSION = 5.0;
				TARGETED_DEVICE_FAMILY = "1,2";
			};
			name = Debug;
		};
		F0DB78B12B1739DC008FB987 /* Release */ = {
			isa = XCBuildConfiguration;
			buildSettings = {
				ASSETCATALOG_COMPILER_APPICON_NAME = AppIcon;
				ASSETCATALOG_COMPILER_GLOBAL_ACCENT_COLOR_NAME = AccentColor;
				CODE_SIGN_STYLE = Automatic;
				CURRENT_PROJECT_VERSION = 1;
				GENERATE_INFOPLIST_FILE = YES;
				INFOPLIST_FILE = TestApp/Info.plist;
				INFOPLIST_KEY_UIApplicationSupportsIndirectInputEvents = YES;
				INFOPLIST_KEY_UILaunchStoryboardName = LaunchScreen;
				INFOPLIST_KEY_UIMainStoryboardFile = Main;
				INFOPLIST_KEY_UISupportedInterfaceOrientations_iPad = "UIInterfaceOrientationPortrait UIInterfaceOrientationPortraitUpsideDown UIInterfaceOrientationLandscapeLeft UIInterfaceOrientationLandscapeRight";
				INFOPLIST_KEY_UISupportedInterfaceOrientations_iPhone = "UIInterfaceOrientationPortrait UIInterfaceOrientationLandscapeLeft UIInterfaceOrientationLandscapeRight";
				LD_RUNPATH_SEARCH_PATHS = (
					"$(inherited)",
					"@executable_path/Frameworks",
				);
				MARKETING_VERSION = 1.0;
				PRODUCT_BUNDLE_IDENTIFIER = Knowledge.TestApp;
				PRODUCT_NAME = "$(TARGET_NAME)";
				SWIFT_EMIT_LOC_STRINGS = YES;
				SWIFT_VERSION = 5.0;
				TARGETED_DEVICE_FAMILY = "1,2";
			};
			name = Release;
		};
/* End XCBuildConfiguration section */

/* Begin XCConfigurationList section */
		F0DB78962B1739DA008FB987 /* Build configuration list for PBXProject "TestApp" */ = {
			isa = XCConfigurationList;
			buildConfigurations = (
				F0DB78AD2B1739DC008FB987 /* Debug */,
				F0DB78AE2B1739DC008FB987 /* Release */,
			);
			defaultConfigurationIsVisible = 0;
			defaultConfigurationName = Release;
		};
		F0DB78AF2B1739DC008FB987 /* Build configuration list for PBXNativeTarget "TestApp" */ = {
			isa = XCConfigurationList;
			buildConfigurations = (
				F0DB78B02B1739DC008FB987 /* Debug */,
				F0DB78B12B1739DC008FB987 /* Release */,
			);
			defaultConfigurationIsVisible = 0;
			defaultConfigurationName = Release;
		};
/* End XCConfigurationList section */
	};
	rootObject = F0DB78932B1739DA008FB987 /* Project object */;
}
